
Microsoft Visual Studio Solution File, Format Version 12.00
# Visual Studio Version 17
VisualStudioVersion = 17.1.31911.260
MinimumVisualStudioVersion = 10.0.40219.1
Project("{FAE04EC0-301F-11D3-BF4B-00C04F79EFBC}") = "ADO.NET Individual2", "ADO.NET Individual2\ADO.NET Individual2.csproj", "{33CDB782-CE0D-4096-A618-49E4A8E04E68}"
EndProject
Global
	GlobalSection(SolutionConfigurationPlatforms) = preSolution
		Debug|Any CPU = Debug|Any CPU
		Release|Any CPU = Release|Any CPU
	EndGlobalSection
	GlobalSection(ProjectConfigurationPlatforms) = postSolution
		{33CDB782-CE0D-4096-A618-49E4A8E04E68}.Debug|Any CPU.ActiveCfg = Debug|Any CPU
		{33CDB782-CE0D-4096-A618-49E4A8E04E68}.Debug|Any CPU.Build.0 = Debug|Any CPU
		{33CDB782-CE0D-4096-A618-49E4A8E04E68}.Release|Any CPU.ActiveCfg = Release|Any CPU
		{33CDB782-CE0D-4096-A618-49E4A8E04E68}.Release|Any CPU.Build.0 = Release|Any CPU
	EndGlobalSection
	GlobalSection(SolutionProperties) = preSolution
		HideSolutionNode = FALSE
	EndGlobalSection
	GlobalSection(ExtensibilityGlobals) = postSolution
		SolutionGuid = {A76369E3-024E-4A9B-8FD1-9EE2CD143C05}
	EndGlobalSection
EndGlobal
